// !$*UTF8*$!
{
	archiveVersion = 1;
	classes = {
	};
	objectVersion = 46;
	objects = {

/* Begin PBXBuildFile section */
		B745FB2CB17089F335535F38 /* libPods-JenkinsNonePods.a in Frameworks */ = {isa = PBXBuildFile; fileRef = 9F1AAFD65359EFF138B877D2 /* libPods-JenkinsNonePods.a */; };
		F79ED3F11E1BCF6D001DBB81 /* main.m in Sources */ = {isa = PBXBuildFile; fileRef = F79ED3F01E1BCF6D001DBB81 /* main.m */; };
		F79ED3F41E1BCF6D001DBB81 /* AppDelegate.m in Sources */ = {isa = PBXBuildFile; fileRef = F79ED3F31E1BCF6D001DBB81 /* AppDelegate.m */; };
		F79ED3F71E1BCF6D001DBB81 /* ViewController.m in Sources */ = {isa = PBXBuildFile; fileRef = F79ED3F61E1BCF6D001DBB81 /* ViewController.m */; };
		F79ED3FA1E1BCF6D001DBB81 /* Main.storyboard in Resources */ = {isa = PBXBuildFile; fileRef = F79ED3F81E1BCF6D001DBB81 /* Main.storyboard */; };
		F79ED3FC1E1BCF6D001DBB81 /* Assets.xcassets in Resources */ = {isa = PBXBuildFile; fileRef = F79ED3FB1E1BCF6D001DBB81 /* Assets.xcassets */; };
		F79ED3FF1E1BCF6D001DBB81 /* LaunchScreen.storyboard in Resources */ = {isa = PBXBuildFile; fileRef = F79ED3FD1E1BCF6D001DBB81 /* LaunchScreen.storyboard */; };
/* End PBXBuildFile section */

/* Begin PBXFileReference section */
		58FFC1B754E26E53DE60A9D3 /* Pods-JenkinsNonePods.debug.xcconfig */ = {isa = PBXFileReference; includeInIndex = 1; lastKnownFileType = text.xcconfig; name = "Pods-JenkinsNonePods.debug.xcconfig"; path = "Pods/Target Support Files/Pods-JenkinsNonePods/Pods-JenkinsNonePods.debug.xcconfig"; sourceTree = "<group>"; };
		981CEDB7676DD46E9673142D /* Pods-JenkinsNonePods.release.xcconfig */ = {isa = PBXFileReference; includeInIndex = 1; lastKnownFileType = text.xcconfig; name = "Pods-JenkinsNonePods.release.xcconfig"; path = "Pods/Target Support Files/Pods-JenkinsNonePods/Pods-JenkinsNonePods.release.xcconfig"; sourceTree = "<group>"; };
		9F1AAFD65359EFF138B877D2 /* libPods-JenkinsNonePods.a */ = {isa = PBXFileReference; explicitFileType = archive.ar; includeInIndex = 0; path = "libPods-JenkinsNonePods.a"; sourceTree = BUILT_PRODUCTS_DIR; };
		F79ED3EC1E1BCF6D001DBB81 /* JenkinsNonePods.app */ = {isa = PBXFileReference; explicitFileType = wrapper.application; includeInIndex = 0; path = JenkinsNonePods.app; sourceTree = BUILT_PRODUCTS_DIR; };
		F79ED3F01E1BCF6D001DBB81 /* main.m */ = {isa = PBXFileReference; lastKnownFileType = sourcecode.c.objc; path = main.m; sourceTree = "<group>"; };
		F79ED3F21E1BCF6D001DBB81 /* AppDelegate.h */ = {isa = PBXFileReference; lastKnownFileType = sourcecode.c.h; path = AppDelegate.h; sourceTree = "<group>"; };
		F79ED3F31E1BCF6D001DBB81 /* AppDelegate.m */ = {isa = PBXFileReference; lastKnownFileType = sourcecode.c.objc; path = AppDelegate.m; sourceTree = "<group>"; };
		F79ED3F51E1BCF6D001DBB81 /* ViewController.h */ = {isa = PBXFileReference; lastKnownFileType = sourcecode.c.h; path = ViewController.h; sourceTree = "<group>"; };
		F79ED3F61E1BCF6D001DBB81 /* ViewController.m */ = {isa = PBXFileReference; lastKnownFileType = sourcecode.c.objc; path = ViewController.m; sourceTree = "<group>"; };
		F79ED3F91E1BCF6D001DBB81 /* Base */ = {isa = PBXFileReference; lastKnownFileType = file.storyboard; name = Base; path = Base.lproj/Main.storyboard; sourceTree = "<group>"; };
		F79ED3FB1E1BCF6D001DBB81 /* Assets.xcassets */ = {isa = PBXFileReference; lastKnownFileType = folder.assetcatalog; path = Assets.xcassets; sourceTree = "<group>"; };
		F79ED3FE1E1BCF6D001DBB81 /* Base */ = {isa = PBXFileReference; lastKnownFileType = file.storyboard; name = Base; path = Base.lproj/LaunchScreen.storyboard; sourceTree = "<group>"; };
		F79ED4001E1BCF6D001DBB81 /* Info.plist */ = {isa = PBXFileReference; lastKnownFileType = text.plist.xml; path = Info.plist; sourceTree = "<group>"; };
/* End PBXFileReference section */

/* Begin PBXFrameworksBuildPhase section */
		F79ED3E91E1BCF6D001DBB81 /* Frameworks */ = {
			isa = PBXFrameworksBuildPhase;
			buildActionMask = 2147483647;
			files = (
				B745FB2CB17089F335535F38 /* libPods-JenkinsNonePods.a in Frameworks */,
			);
			runOnlyForDeploymentPostprocessing = 0;
		};
/* End PBXFrameworksBuildPhase section */

/* Begin PBXGroup section */
		8FFE3A11DC396727CB34F686 /* Pods */ = {
			isa = PBXGroup;
			children = (
				58FFC1B754E26E53DE60A9D3 /* Pods-JenkinsNonePods.debug.xcconfig */,
				981CEDB7676DD46E9673142D /* Pods-JenkinsNonePods.release.xcconfig */,
			);
			name = Pods;
			sourceTree = "<group>";
		};
		C607049C719CA5C09BFC4A03 /* Frameworks */ = {
			isa = PBXGroup;
			children = (
				9F1AAFD65359EFF138B877D2 /* libPods-JenkinsNonePods.a */,
			);
			name = Frameworks;
			sourceTree = "<group>";
		};
		F79ED3E31E1BCF6D001DBB81 = {
			isa = PBXGroup;
			children = (
				F79ED3EE1E1BCF6D001DBB81 /* JenkinsNonePods */,
				F79ED3ED1E1BCF6D001DBB81 /* Products */,
				8FFE3A11DC396727CB34F686 /* Pods */,
				C607049C719CA5C09BFC4A03 /* Frameworks */,
			);
			sourceTree = "<group>";
		};
		F79ED3ED1E1BCF6D001DBB81 /* Products */ = {
			isa = PBXGroup;
			children = (
				F79ED3EC1E1BCF6D001DBB81 /* JenkinsNonePods.app */,
			);
			name = Products;
			sourceTree = "<group>";
		};
		F79ED3EE1E1BCF6D001DBB81 /* JenkinsNonePods */ = {
			isa = PBXGroup;
			children = (
				F79ED3F21E1BCF6D001DBB81 /* AppDelegate.h */,
				F79ED3F31E1BCF6D001DBB81 /* AppDelegate.m */,
				F79ED3F51E1BCF6D001DBB81 /* ViewController.h */,
				F79ED3F61E1BCF6D001DBB81 /* ViewController.m */,
				F79ED3F81E1BCF6D001DBB81 /* Main.storyboard */,
				F79ED3FB1E1BCF6D001DBB81 /* Assets.xcassets */,
				F79ED3FD1E1BCF6D001DBB81 /* LaunchScreen.storyboard */,
				F79ED4001E1BCF6D001DBB81 /* Info.plist */,
				F79ED3EF1E1BCF6D001DBB81 /* Supporting Files */,
			);
			path = JenkinsNonePods;
			sourceTree = "<group>";
		};
		F79ED3EF1E1BCF6D001DBB81 /* Supporting Files */ = {
			isa = PBXGroup;
			children = (
				F79ED3F01E1BCF6D001DBB81 /* main.m */,
			);
			name = "Supporting Files";
			sourceTree = "<group>";
		};
/* End PBXGroup section */

/* Begin PBXNativeTarget section */
		F79ED3EB1E1BCF6D001DBB81 /* JenkinsNonePods */ = {
			isa = PBXNativeTarget;
			buildConfigurationList = F79ED4031E1BCF6D001DBB81 /* Build configuration list for PBXNativeTarget "JenkinsNonePods" */;
			buildPhases = (
				273A765D81C827449F2F395F /* [CP] Check Pods Manifest.lock */,
				F79ED3E81E1BCF6D001DBB81 /* Sources */,
				F79ED3E91E1BCF6D001DBB81 /* Frameworks */,
				F79ED3EA1E1BCF6D001DBB81 /* Resources */,
				4915B04796A6A234A2C6D29D /* [CP] Embed Pods Frameworks */,
				F7658537C41561AA99EF65E5 /* [CP] Copy Pods Resources */,
			);
			buildRules = (
			);
			dependencies = (
			);
			name = JenkinsNonePods;
			productName = JenkinsNonePods;
			productReference = F79ED3EC1E1BCF6D001DBB81 /* JenkinsNonePods.app */;
			productType = "com.apple.product-type.application";
		};
/* End PBXNativeTarget section */

/* Begin PBXProject section */
		F79ED3E41E1BCF6D001DBB81 /* Project object */ = {
			isa = PBXProject;
			attributes = {
				LastUpgradeCheck = 0820;
				ORGANIZATIONNAME = Danyow;
				TargetAttributes = {
					F79ED3EB1E1BCF6D001DBB81 = {
						CreatedOnToolsVersion = 8.2.1;
						DevelopmentTeam = 72GJ4BTB4F;
						ProvisioningStyle = Manual;
					};
				};
			};
			buildConfigurationList = F79ED3E71E1BCF6D001DBB81 /* Build configuration list for PBXProject "JenkinsNonePods" */;
			compatibilityVersion = "Xcode 3.2";
			developmentRegion = English;
			hasScannedForEncodings = 0;
			knownRegions = (
				en,
				Base,
			);
			mainGroup = F79ED3E31E1BCF6D001DBB81;
			productRefGroup = F79ED3ED1E1BCF6D001DBB81 /* Products */;
			projectDirPath = "";
			projectRoot = "";
			targets = (
				F79ED3EB1E1BCF6D001DBB81 /* JenkinsNonePods */,
			);
		};
/* End PBXProject section */

/* Begin PBXResourcesBuildPhase section */
		F79ED3EA1E1BCF6D001DBB81 /* Resources */ = {
			isa = PBXResourcesBuildPhase;
			buildActionMask = 2147483647;
			files = (
				F79ED3FF1E1BCF6D001DBB81 /* LaunchScreen.storyboard in Resources */,
				F79ED3FC1E1BCF6D001DBB81 /* Assets.xcassets in Resources */,
				F79ED3FA1E1BCF6D001DBB81 /* Main.storyboard in Resources */,
			);
			runOnlyForDeploymentPostprocessing = 0;
		};
/* End PBXResourcesBuildPhase section */

/* Begin PBXShellScriptBuildPhase section */
		273A765D81C827449F2F395F /* [CP] Check Pods Manifest.lock */ = {
			isa = PBXShellScriptBuildPhase;
			buildActionMask = 2147483647;
			files = (
			);
			inputPaths = (
			);
			name = "[CP] Check Pods Manifest.lock";
			outputPaths = (
			);
			runOnlyForDeploymentPostprocessing = 0;
			shellPath = /bin/sh;
			shellScript = "diff \"${PODS_ROOT}/../Podfile.lock\" \"${PODS_ROOT}/Manifest.lock\" > /dev/null\nif [ $? != 0 ] ; then\n    # print error to STDERR\n    echo \"error: The sandbox is not in sync with the Podfile.lock. Run 'pod install' or update your CocoaPods installation.\" >&2\n    exit 1\nfi\n";
			showEnvVarsInLog = 0;
		};
		4915B04796A6A234A2C6D29D /* [CP] Embed Pods Frameworks */ = {
			isa = PBXShellScriptBuildPhase;
			buildActionMask = 2147483647;
			files = (
			);
			inputPaths = (
			);
			name = "[CP] Embed Pods Frameworks";
			outputPaths = (
			);
			runOnlyForDeploymentPostprocessing = 0;
			shellPath = /bin/sh;
			shellScript = "\"${SRCROOT}/Pods/Target Support Files/Pods-JenkinsNonePods/Pods-JenkinsNonePods-frameworks.sh\"\n";
			showEnvVarsInLog = 0;
		};
		F7658537C41561AA99EF65E5 /* [CP] Copy Pods Resources */ = {
			isa = PBXShellScriptBuildPhase;
			buildActionMask = 2147483647;
			files = (
			);
			inputPaths = (
			);
			name = "[CP] Copy Pods Resources";
			outputPaths = (
			);
			runOnlyForDeploymentPostprocessing = 0;
			shellPath = /bin/sh;
			shellScript = "\"${SRCROOT}/Pods/Target Support Files/Pods-JenkinsNonePods/Pods-JenkinsNonePods-resources.sh\"\n";
			showEnvVarsInLog = 0;
		};
/* End PBXShellScriptBuildPhase section */

/* Begin PBXSourcesBuildPhase section */
		F79ED3E81E1BCF6D001DBB81 /* Sources */ = {
			isa = PBXSourcesBuildPhase;
			buildActionMask = 2147483647;
			files = (
				F79ED3F71E1BCF6D001DBB81 /* ViewController.m in Sources */,
				F79ED3F41E1BCF6D001DBB81 /* AppDelegate.m in Sources */,
				F79ED3F11E1BCF6D001DBB81 /* main.m in Sources */,
			);
			runOnlyForDeploymentPostprocessing = 0;
		};
/* End PBXSourcesBuildPhase section */

/* Begin PBXVariantGroup section */
		F79ED3F81E1BCF6D001DBB81 /* Main.storyboard */ = {
			isa = PBXVariantGroup;
			children = (
				F79ED3F91E1BCF6D001DBB81 /* Base */,
			);
			name = Main.storyboard;
			sourceTree = "<group>";
		};
		F79ED3FD1E1BCF6D001DBB81 /* LaunchScreen.storyboard */ = {
			isa = PBXVariantGroup;
			children = (
				F79ED3FE1E1BCF6D001DBB81 /* Base */,
			);
			name = LaunchScreen.storyboard;
			sourceTree = "<group>";
		};
/* End PBXVariantGroup section */

/* Begin XCBuildConfiguration section */
		F79ED4011E1BCF6D001DBB81 /* Debug */ = {
			isa = XCBuildConfiguration;
			buildSettings = {
				ALWAYS_SEARCH_USER_PATHS = NO;
				CLANG_ANALYZER_NONNULL = YES;
				CLANG_CXX_LANGUAGE_STANDARD = "gnu++0x";
				CLANG_CXX_LIBRARY = "libc++";
				CLANG_ENABLE_MODULES = YES;
				CLANG_ENABLE_OBJC_ARC = YES;
				CLANG_WARN_BOOL_CONVERSION = YES;
				CLANG_WARN_CONSTANT_CONVERSION = YES;
				CLANG_WARN_DIRECT_OBJC_ISA_USAGE = YES_ERROR;
				CLANG_WARN_DOCUMENTATION_COMMENTS = YES;
				CLANG_WARN_EMPTY_BODY = YES;
				CLANG_WARN_ENUM_CONVERSION = YES;
				CLANG_WARN_INFINITE_RECURSION = YES;
				CLANG_WARN_INT_CONVERSION = YES;
				CLANG_WARN_OBJC_ROOT_CLASS = YES_ERROR;
				CLANG_WARN_SUSPICIOUS_MOVE = YES;
				CLANG_WARN_UNREACHABLE_CODE = YES;
				CLANG_WARN__DUPLICATE_METHOD_MATCH = YES;
				"CODE_SIGN_IDENTITY[sdk=iphoneos*]" = "iPhone Developer";
				COPY_PHASE_STRIP = NO;
				DEBUG_INFORMATION_FORMAT = dwarf;
				ENABLE_STRICT_OBJC_MSGSEND = YES;
				ENABLE_TESTABILITY = YES;
				GCC_C_LANGUAGE_STANDARD = gnu99;
				GCC_DYNAMIC_NO_PIC = NO;
				GCC_NO_COMMON_BLOCKS = YES;
				GCC_OPTIMIZATION_LEVEL = 0;
				GCC_PREPROCESSOR_DEFINITIONS = (
					"DEBUG=1",
					"$(inherited)",
				);
				GCC_WARN_64_TO_32_BIT_CONVERSION = YES;
				GCC_WARN_ABOUT_RETURN_TYPE = YES_ERROR;
				GCC_WARN_UNDECLARED_SELECTOR = YES;
				GCC_WARN_UNINITIALIZED_AUTOS = YES_AGGRESSIVE;
				GCC_WARN_UNUSED_FUNCTION = YES;
				GCC_WARN_UNUSED_VARIABLE = YES;
				IPHONEOS_DEPLOYMENT_TARGET = 10.2;
				MTL_ENABLE_DEBUG_INFO = YES;
				ONLY_ACTIVE_ARCH = YES;
				SDKROOT = iphoneos;
			};
			name = Debug;
		};
		F79ED4021E1BCF6D001DBB81 /* Release */ = {
			isa = XCBuildConfiguration;
			buildSettings = {
				ALWAYS_SEARCH_USER_PATHS = NO;
				CLANG_ANALYZER_NONNULL = YES;
				CLANG_CXX_LANGUAGE_STANDARD = "gnu++0x";
				CLANG_CXX_LIBRARY = "libc++";
				CLANG_ENABLE_MODULES = YES;
				CLANG_ENABLE_OBJC_ARC = YES;
				CLANG_WARN_BOOL_CONVERSION = YES;
				CLANG_WARN_CONSTANT_CONVERSION = YES;
				CLANG_WARN_DIRECT_OBJC_ISA_USAGE = YES_ERROR;
				CLANG_WARN_DOCUMENTATION_COMMENTS = YES;
				CLANG_WARN_EMPTY_BODY = YES;
				CLANG_WARN_ENUM_CONVERSION = YES;
				CLANG_WARN_INFINITE_RECURSION = YES;
				CLANG_WARN_INT_CONVERSION = YES;
				CLANG_WARN_OBJC_ROOT_CLASS = YES_ERROR;
				CLANG_WARN_SUSPICIOUS_MOVE = YES;
				CLANG_WARN_UNREACHABLE_CODE = YES;
				CLANG_WARN__DUPLICATE_METHOD_MATCH = YES;
				"CODE_SIGN_IDENTITY[sdk=iphoneos*]" = "iPhone Developer";
				COPY_PHASE_STRIP = NO;
				DEBUG_INFORMATION_FORMAT = "dwarf-with-dsym";
				ENABLE_NS_ASSERTIONS = NO;
				ENABLE_STRICT_OBJC_MSGSEND = YES;
				GCC_C_LANGUAGE_STANDARD = gnu99;
				GCC_NO_COMMON_BLOCKS = YES;
				GCC_WARN_64_TO_32_BIT_CONVERSION = YES;
				GCC_WARN_ABOUT_RETURN_TYPE = YES_ERROR;
				GCC_WARN_UNDECLARED_SELECTOR = YES;
				GCC_WARN_UNINITIALIZED_AUTOS = YES_AGGRESSIVE;
				GCC_WARN_UNUSED_FUNCTION = YES;
				GCC_WARN_UNUSED_VARIABLE = YES;
				IPHONEOS_DEPLOYMENT_TARGET = 10.2;
				MTL_ENABLE_DEBUG_INFO = NO;
				SDKROOT = iphoneos;
				VALIDATE_PRODUCT = YES;
			};
			name = Release;
		};
		F79ED4041E1BCF6D001DBB81 /* Debug */ = {
			isa = XCBuildConfiguration;
			baseConfigurationReference = 58FFC1B754E26E53DE60A9D3 /* Pods-JenkinsNonePods.debug.xcconfig */;
			buildSettings = {
				ASSETCATALOG_COMPILER_APPICON_NAME = AppIcon;
				CODE_SIGN_IDENTITY = "iPhone Developer: JunHong Zhu (285AA3RCX7)";
				"CODE_SIGN_IDENTITY[sdk=iphoneos*]" = "iPhone Developer: JunHong Zhu (285AA3RCX7)";
				DEVELOPMENT_TEAM = 72GJ4BTB4F;
				HEADER_SEARCH_PATHS = "$(inherited)";
				INFOPLIST_FILE = JenkinsNonePods/Info.plist;
				LD_RUNPATH_SEARCH_PATHS = "$(inherited) @executable_path/Frameworks";
				LIBRARY_SEARCH_PATHS = "$(inherited)";
				PRODUCT_BUNDLE_IDENTIFIER = DanyowEd.JenkinsNonePods;
				PRODUCT_NAME = "$(TARGET_NAME)";
				PROVISIONING_PROFILE = "3317f346-c654-49b0-a96e-eebc24b2883b";
				PROVISIONING_PROFILE_SPECIFIER = JenkinsNonePodsDevelopment;
			};
			name = Debug;
		};
		F79ED4051E1BCF6D001DBB81 /* Release */ = {
			isa = XCBuildConfiguration;
			baseConfigurationReference = 981CEDB7676DD46E9673142D /* Pods-JenkinsNonePods.release.xcconfig */;
			buildSettings = {
				ASSETCATALOG_COMPILER_APPICON_NAME = AppIcon;
				CODE_SIGN_IDENTITY = "iPhone Distribution: JunHong Zhu (72GJ4BTB4F)";
				"CODE_SIGN_IDENTITY[sdk=iphoneos*]" = "iPhone Distribution: JunHong Zhu (72GJ4BTB4F)";
				DEVELOPMENT_TEAM = 72GJ4BTB4F;
				HEADER_SEARCH_PATHS = "$(inherited)";
				INFOPLIST_FILE = JenkinsNonePods/Info.plist;
				LD_RUNPATH_SEARCH_PATHS = "$(inherited) @executable_path/Frameworks";
				LIBRARY_SEARCH_PATHS = "$(inherited)";
				PRODUCT_BUNDLE_IDENTIFIER = DanyowEd.JenkinsNonePods;
				PRODUCT_NAME = "$(TARGET_NAME)";
				PROVISIONING_PROFILE = "312e1c8c-2dd8-4a91-9ec4-955b5f2a64aa";
				PROVISIONING_PROFILE_SPECIFIER = JenkinsNonePods;
			};
			name = Release;
		};
/* End XCBuildConfiguration section */

/* Begin XCConfigurationList section */
		F79ED3E71E1BCF6D001DBB81 /* Build configuration list for PBXProject "JenkinsNonePods" */ = {
			isa = XCConfigurationList;
			buildConfigurations = (
				F79ED4011E1BCF6D001DBB81 /* Debug */,
				F79ED4021E1BCF6D001DBB81 /* Release */,
			);
			defaultConfigurationIsVisible = 0;
			defaultConfigurationName = Release;
		};
		F79ED4031E1BCF6D001DBB81 /* Build configuration list for PBXNativeTarget "JenkinsNonePods" */ = {
			isa = XCConfigurationList;
			buildConfigurations = (
				F79ED4041E1BCF6D001DBB81 /* Debug */,
				F79ED4051E1BCF6D001DBB81 /* Release */,
			);
			defaultConfigurationIsVisible = 0;
			defaultConfigurationName = Release;
		};
/* End XCConfigurationList section */
	};
	rootObject = F79ED3E41E1BCF6D001DBB81 /* Project object */;
}
